
Microsoft Visual Studio Solution File, Format Version 12.00
# Visual Studio 2013
VisualStudioVersion = 12.0.31101.0
MinimumVisualStudioVersion = 10.0.40219.1
Project("{FAE04EC0-301F-11D3-BF4B-00C04F79EFBC}") = "WherePhone", "WherePhone\WherePhone\WherePhone.csproj", "{A88BCF83-A713-4D3D-BBFA-D8F0D1B6870E}"
EndProject
Project("{FAE04EC0-301F-11D3-BF4B-00C04F79EFBC}") = "WherePhone.iOS", "WherePhone\WherePhone.iOS\WherePhone.iOS.csproj", "{FDED96CA-02C3-45D2-B105-10F0DC61DB90}"
EndProject
Project("{FAE04EC0-301F-11D3-BF4B-00C04F79EFBC}") = "WherePhone.Droid", "WherePhone\WherePhone.Droid\WherePhone.Droid.csproj", "{26BC62A2-EF3D-47A9-ABC6-A59333D5D394}"
EndProject
Project("{FAE04EC0-301F-11D3-BF4B-00C04F79EFBC}") = "WherePhone.WinPhone", "WherePhone\WherePhone.WinPhone\WherePhone.WinPhone.csproj", "{2E282E5F-15D2-47DE-A701-2262018E11E3}"
EndProject
Project("{2150E333-8FDC-42A3-9474-1A3956D46DE8}") = "Api", "Api", "{064ECEA4-041E-470B-B3F5-93881B355B40}"
EndProject
Project("{FAE04EC0-301F-11D3-BF4B-00C04F79EFBC}") = "WherePhone.Api.Tests", "WherePhone.Api.Tests\WherePhone.Api.Tests.csproj", "{DD07235C-B9C4-4149-BF02-1F0DD61E46B8}"
EndProject
Project("{2150E333-8FDC-42A3-9474-1A3956D46DE8}") = "Core", "Core", "{21D21FEA-F78B-44EE-BDF8-D478188419CE}"
EndProject
Project("{FAE04EC0-301F-11D3-BF4B-00C04F79EFBC}") = "WherePhone.Core", "WherePhone.Core\WherePhone.Core.csproj", "{43FA7074-13A5-428D-A401-2DC8DA6F1C12}"
EndProject
Project("{FAE04EC0-301F-11D3-BF4B-00C04F79EFBC}") = "WherePhone.Api", "WherePhone.Api\WherePhone.Api.csproj", "{E4960D7F-EC7B-4967-9ABB-144F99B9D780}"
EndProject
Project("{2150E333-8FDC-42A3-9474-1A3956D46DE8}") = ".nuget", ".nuget", "{BF72642F-61E5-41FE-A453-C223C06BB760}"
	ProjectSection(SolutionItems) = preProject
		.nuget\NuGet.Config = .nuget\NuGet.Config
		.nuget\NuGet.exe = .nuget\NuGet.exe
		.nuget\NuGet.targets = .nuget\NuGet.targets
	EndProjectSection
EndProject
Global
	GlobalSection(SolutionConfigurationPlatforms) = preSolution
		Ad-Hoc|Any CPU = Ad-Hoc|Any CPU
		Ad-Hoc|ARM = Ad-Hoc|ARM
		Ad-Hoc|iPhone = Ad-Hoc|iPhone
		Ad-Hoc|iPhoneSimulator = Ad-Hoc|iPhoneSimulator
		Ad-Hoc|Mixed Platforms = Ad-Hoc|Mixed Platforms
		Ad-Hoc|x64 = Ad-Hoc|x64
		Ad-Hoc|x86 = Ad-Hoc|x86
		AppStore|Any CPU = AppStore|Any CPU
		AppStore|ARM = AppStore|ARM
		AppStore|iPhone = AppStore|iPhone
		AppStore|iPhoneSimulator = AppStore|iPhoneSimulator
		AppStore|Mixed Platforms = AppStore|Mixed Platforms
		AppStore|x64 = AppStore|x64
		AppStore|x86 = AppStore|x86
		Debug|Any CPU = Debug|Any CPU
		Debug|ARM = Debug|ARM
		Debug|iPhone = Debug|iPhone
		Debug|iPhoneSimulator = Debug|iPhoneSimulator
		Debug|Mixed Platforms = Debug|Mixed Platforms
		Debug|x64 = Debug|x64
		Debug|x86 = Debug|x86
		Release|Any CPU = Release|Any CPU
		Release|ARM = Release|ARM
		Release|iPhone = Release|iPhone
		Release|iPhoneSimulator = Release|iPhoneSimulator
		Release|Mixed Platforms = Release|Mixed Platforms
		Release|x64 = Release|x64
		Release|x86 = Release|x86
	EndGlobalSection
	GlobalSection(ProjectConfigurationPlatforms) = postSolution
		{A88BCF83-A713-4D3D-BBFA-D8F0D1B6870E}.Ad-Hoc|Any CPU.ActiveCfg = Release|Any CPU
		{A88BCF83-A713-4D3D-BBFA-D8F0D1B6870E}.Ad-Hoc|Any CPU.Build.0 = Release|Any CPU
		{A88BCF83-A713-4D3D-BBFA-D8F0D1B6870E}.Ad-Hoc|ARM.ActiveCfg = Release|Any CPU
		{A88BCF83-A713-4D3D-BBFA-D8F0D1B6870E}.Ad-Hoc|ARM.Build.0 = Release|Any CPU
		{A88BCF83-A713-4D3D-BBFA-D8F0D1B6870E}.Ad-Hoc|iPhone.ActiveCfg = Release|Any CPU
		{A88BCF83-A713-4D3D-BBFA-D8F0D1B6870E}.Ad-Hoc|iPhone.Build.0 = Release|Any CPU
		{A88BCF83-A713-4D3D-BBFA-D8F0D1B6870E}.Ad-Hoc|iPhoneSimulator.ActiveCfg = Release|Any CPU
		{A88BCF83-A713-4D3D-BBFA-D8F0D1B6870E}.Ad-Hoc|iPhoneSimulator.Build.0 = Release|Any CPU
		{A88BCF83-A713-4D3D-BBFA-D8F0D1B6870E}.Ad-Hoc|Mixed Platforms.ActiveCfg = Release|Any CPU
		{A88BCF83-A713-4D3D-BBFA-D8F0D1B6870E}.Ad-Hoc|Mixed Platforms.Build.0 = Release|Any CPU
		{A88BCF83-A713-4D3D-BBFA-D8F0D1B6870E}.Ad-Hoc|x64.ActiveCfg = Release|Any CPU
		{A88BCF83-A713-4D3D-BBFA-D8F0D1B6870E}.Ad-Hoc|x64.Build.0 = Release|Any CPU
		{A88BCF83-A713-4D3D-BBFA-D8F0D1B6870E}.Ad-Hoc|x86.ActiveCfg = Release|Any CPU
		{A88BCF83-A713-4D3D-BBFA-D8F0D1B6870E}.Ad-Hoc|x86.Build.0 = Release|Any CPU
		{A88BCF83-A713-4D3D-BBFA-D8F0D1B6870E}.AppStore|Any CPU.ActiveCfg = Release|Any CPU
		{A88BCF83-A713-4D3D-BBFA-D8F0D1B6870E}.AppStore|Any CPU.Build.0 = Release|Any CPU
		{A88BCF83-A713-4D3D-BBFA-D8F0D1B6870E}.AppStore|ARM.ActiveCfg = Release|Any CPU
		{A88BCF83-A713-4D3D-BBFA-D8F0D1B6870E}.AppStore|ARM.Build.0 = Release|Any CPU
		{A88BCF83-A713-4D3D-BBFA-D8F0D1B6870E}.AppStore|iPhone.ActiveCfg = Release|Any CPU
		{A88BCF83-A713-4D3D-BBFA-D8F0D1B6870E}.AppStore|iPhone.Build.0 = Release|Any CPU
		{A88BCF83-A713-4D3D-BBFA-D8F0D1B6870E}.AppStore|iPhoneSimulator.ActiveCfg = Release|Any CPU
		{A88BCF83-A713-4D3D-BBFA-D8F0D1B6870E}.AppStore|iPhoneSimulator.Build.0 = Release|Any CPU
		{A88BCF83-A713-4D3D-BBFA-D8F0D1B6870E}.AppStore|Mixed Platforms.ActiveCfg = Release|Any CPU
		{A88BCF83-A713-4D3D-BBFA-D8F0D1B6870E}.AppStore|Mixed Platforms.Build.0 = Release|Any CPU
		{A88BCF83-A713-4D3D-BBFA-D8F0D1B6870E}.AppStore|x64.ActiveCfg = Release|Any CPU
		{A88BCF83-A713-4D3D-BBFA-D8F0D1B6870E}.AppStore|x64.Build.0 = Release|Any CPU
		{A88BCF83-A713-4D3D-BBFA-D8F0D1B6870E}.AppStore|x86.ActiveCfg = Release|Any CPU
		{A88BCF83-A713-4D3D-BBFA-D8F0D1B6870E}.AppStore|x86.Build.0 = Release|Any CPU
		{A88BCF83-A713-4D3D-BBFA-D8F0D1B6870E}.Debug|Any CPU.ActiveCfg = Debug|Any CPU
		{A88BCF83-A713-4D3D-BBFA-D8F0D1B6870E}.Debug|Any CPU.Build.0 = Debug|Any CPU
		{A88BCF83-A713-4D3D-BBFA-D8F0D1B6870E}.Debug|ARM.ActiveCfg = Debug|Any CPU
		{A88BCF83-A713-4D3D-BBFA-D8F0D1B6870E}.Debug|ARM.Build.0 = Debug|Any CPU
		{A88BCF83-A713-4D3D-BBFA-D8F0D1B6870E}.Debug|iPhone.ActiveCfg = Debug|Any CPU
		{A88BCF83-A713-4D3D-BBFA-D8F0D1B6870E}.Debug|iPhone.Build.0 = Debug|Any CPU
		{A88BCF83-A713-4D3D-BBFA-D8F0D1B6870E}.Debug|iPhoneSimulator.ActiveCfg = Debug|Any CPU
		{A88BCF83-A713-4D3D-BBFA-D8F0D1B6870E}.Debug|iPhoneSimulator.Build.0 = Debug|Any CPU
		{A88BCF83-A713-4D3D-BBFA-D8F0D1B6870E}.Debug|Mixed Platforms.ActiveCfg = Debug|Any CPU
		{A88BCF83-A713-4D3D-BBFA-D8F0D1B6870E}.Debug|Mixed Platforms.Build.0 = Debug|Any CPU
		{A88BCF83-A713-4D3D-BBFA-D8F0D1B6870E}.Debug|x64.ActiveCfg = Debug|Any CPU
		{A88BCF83-A713-4D3D-BBFA-D8F0D1B6870E}.Debug|x64.Build.0 = Debug|Any CPU
		{A88BCF83-A713-4D3D-BBFA-D8F0D1B6870E}.Debug|x86.ActiveCfg = Debug|Any CPU
		{A88BCF83-A713-4D3D-BBFA-D8F0D1B6870E}.Debug|x86.Build.0 = Debug|Any CPU
		{A88BCF83-A713-4D3D-BBFA-D8F0D1B6870E}.Release|Any CPU.ActiveCfg = Release|Any CPU
		{A88BCF83-A713-4D3D-BBFA-D8F0D1B6870E}.Release|Any CPU.Build.0 = Release|Any CPU
		{A88BCF83-A713-4D3D-BBFA-D8F0D1B6870E}.Release|ARM.ActiveCfg = Release|Any CPU
		{A88BCF83-A713-4D3D-BBFA-D8F0D1B6870E}.Release|ARM.Build.0 = Release|Any CPU
		{A88BCF83-A713-4D3D-BBFA-D8F0D1B6870E}.Release|iPhone.ActiveCfg = Release|Any CPU
		{A88BCF83-A713-4D3D-BBFA-D8F0D1B6870E}.Release|iPhone.Build.0 = Release|Any CPU
		{A88BCF83-A713-4D3D-BBFA-D8F0D1B6870E}.Release|iPhoneSimulator.ActiveCfg = Release|Any CPU
		{A88BCF83-A713-4D3D-BBFA-D8F0D1B6870E}.Release|iPhoneSimulator.Build.0 = Release|Any CPU
		{A88BCF83-A713-4D3D-BBFA-D8F0D1B6870E}.Release|Mixed Platforms.ActiveCfg = Release|Any CPU
		{A88BCF83-A713-4D3D-BBFA-D8F0D1B6870E}.Release|Mixed Platforms.Build.0 = Release|Any CPU
		{A88BCF83-A713-4D3D-BBFA-D8F0D1B6870E}.Release|x64.ActiveCfg = Release|Any CPU
		{A88BCF83-A713-4D3D-BBFA-D8F0D1B6870E}.Release|x64.Build.0 = Release|Any CPU
		{A88BCF83-A713-4D3D-BBFA-D8F0D1B6870E}.Release|x86.ActiveCfg = Release|Any CPU
		{A88BCF83-A713-4D3D-BBFA-D8F0D1B6870E}.Release|x86.Build.0 = Release|Any CPU
		{FDED96CA-02C3-45D2-B105-10F0DC61DB90}.Ad-Hoc|Any CPU.ActiveCfg = Ad-Hoc|iPhone
		{FDED96CA-02C3-45D2-B105-10F0DC61DB90}.Ad-Hoc|ARM.ActiveCfg = Ad-Hoc|iPhone
		{FDED96CA-02C3-45D2-B105-10F0DC61DB90}.Ad-Hoc|iPhone.ActiveCfg = Ad-Hoc|iPhone
		{FDED96CA-02C3-45D2-B105-10F0DC61DB90}.Ad-Hoc|iPhone.Build.0 = Ad-Hoc|iPhone
		{FDED96CA-02C3-45D2-B105-10F0DC61DB90}.Ad-Hoc|iPhoneSimulator.ActiveCfg = Ad-Hoc|iPhoneSimulator
		{FDED96CA-02C3-45D2-B105-10F0DC61DB90}.Ad-Hoc|iPhoneSimulator.Build.0 = Ad-Hoc|iPhoneSimulator
		{FDED96CA-02C3-45D2-B105-10F0DC61DB90}.Ad-Hoc|Mixed Platforms.ActiveCfg = Ad-Hoc|iPhone
		{FDED96CA-02C3-45D2-B105-10F0DC61DB90}.Ad-Hoc|Mixed Platforms.Build.0 = Ad-Hoc|iPhone
		{FDED96CA-02C3-45D2-B105-10F0DC61DB90}.Ad-Hoc|x64.ActiveCfg = Ad-Hoc|iPhone
		{FDED96CA-02C3-45D2-B105-10F0DC61DB90}.Ad-Hoc|x86.ActiveCfg = Ad-Hoc|iPhone
		{FDED96CA-02C3-45D2-B105-10F0DC61DB90}.AppStore|Any CPU.ActiveCfg = AppStore|iPhone
		{FDED96CA-02C3-45D2-B105-10F0DC61DB90}.AppStore|ARM.ActiveCfg = AppStore|iPhone
		{FDED96CA-02C3-45D2-B105-10F0DC61DB90}.AppStore|iPhone.ActiveCfg = AppStore|iPhone
		{FDED96CA-02C3-45D2-B105-10F0DC61DB90}.AppStore|iPhone.Build.0 = AppStore|iPhone
		{FDED96CA-02C3-45D2-B105-10F0DC61DB90}.AppStore|iPhoneSimulator.ActiveCfg = AppStore|iPhoneSimulator
		{FDED96CA-02C3-45D2-B105-10F0DC61DB90}.AppStore|iPhoneSimulator.Build.0 = AppStore|iPhoneSimulator
		{FDED96CA-02C3-45D2-B105-10F0DC61DB90}.AppStore|Mixed Platforms.ActiveCfg = AppStore|iPhone
		{FDED96CA-02C3-45D2-B105-10F0DC61DB90}.AppStore|Mixed Platforms.Build.0 = AppStore|iPhone
		{FDED96CA-02C3-45D2-B105-10F0DC61DB90}.AppStore|x64.ActiveCfg = AppStore|iPhone
		{FDED96CA-02C3-45D2-B105-10F0DC61DB90}.AppStore|x86.ActiveCfg = AppStore|iPhone
		{FDED96CA-02C3-45D2-B105-10F0DC61DB90}.Debug|Any CPU.ActiveCfg = Debug|iPhone
		{FDED96CA-02C3-45D2-B105-10F0DC61DB90}.Debug|ARM.ActiveCfg = Debug|iPhone
		{FDED96CA-02C3-45D2-B105-10F0DC61DB90}.Debug|iPhone.ActiveCfg = Debug|iPhone
		{FDED96CA-02C3-45D2-B105-10F0DC61DB90}.Debug|iPhone.Build.0 = Debug|iPhone
		{FDED96CA-02C3-45D2-B105-10F0DC61DB90}.Debug|iPhoneSimulator.ActiveCfg = Debug|iPhoneSimulator
		{FDED96CA-02C3-45D2-B105-10F0DC61DB90}.Debug|iPhoneSimulator.Build.0 = Debug|iPhoneSimulator
		{FDED96CA-02C3-45D2-B105-10F0DC61DB90}.Debug|Mixed Platforms.ActiveCfg = Debug|iPhone
		{FDED96CA-02C3-45D2-B105-10F0DC61DB90}.Debug|Mixed Platforms.Build.0 = Debug|iPhone
		{FDED96CA-02C3-45D2-B105-10F0DC61DB90}.Debug|x64.ActiveCfg = Debug|iPhone
		{FDED96CA-02C3-45D2-B105-10F0DC61DB90}.Debug|x86.ActiveCfg = Debug|iPhone
		{FDED96CA-02C3-45D2-B105-10F0DC61DB90}.Release|Any CPU.ActiveCfg = Release|iPhone
		{FDED96CA-02C3-45D2-B105-10F0DC61DB90}.Release|ARM.ActiveCfg = Release|iPhone
		{FDED96CA-02C3-45D2-B105-10F0DC61DB90}.Release|iPhone.ActiveCfg = Release|iPhone
		{FDED96CA-02C3-45D2-B105-10F0DC61DB90}.Release|iPhone.Build.0 = Release|iPhone
		{FDED96CA-02C3-45D2-B105-10F0DC61DB90}.Release|iPhoneSimulator.ActiveCfg = Release|iPhoneSimulator
		{FDED96CA-02C3-45D2-B105-10F0DC61DB90}.Release|iPhoneSimulator.Build.0 = Release|iPhoneSimulator
		{FDED96CA-02C3-45D2-B105-10F0DC61DB90}.Release|Mixed Platforms.ActiveCfg = Release|iPhone
		{FDED96CA-02C3-45D2-B105-10F0DC61DB90}.Release|Mixed Platforms.Build.0 = Release|iPhone
		{FDED96CA-02C3-45D2-B105-10F0DC61DB90}.Release|x64.ActiveCfg = Release|iPhone
		{FDED96CA-02C3-45D2-B105-10F0DC61DB90}.Release|x86.ActiveCfg = Release|iPhone
		{26BC62A2-EF3D-47A9-ABC6-A59333D5D394}.Ad-Hoc|Any CPU.ActiveCfg = Release|Any CPU
		{26BC62A2-EF3D-47A9-ABC6-A59333D5D394}.Ad-Hoc|Any CPU.Build.0 = Release|Any CPU
		{26BC62A2-EF3D-47A9-ABC6-A59333D5D394}.Ad-Hoc|Any CPU.Deploy.0 = Release|Any CPU
		{26BC62A2-EF3D-47A9-ABC6-A59333D5D394}.Ad-Hoc|ARM.ActiveCfg = Release|Any CPU
		{26BC62A2-EF3D-47A9-ABC6-A59333D5D394}.Ad-Hoc|ARM.Build.0 = Release|Any CPU
		{26BC62A2-EF3D-47A9-ABC6-A59333D5D394}.Ad-Hoc|ARM.Deploy.0 = Release|Any CPU
		{26BC62A2-EF3D-47A9-ABC6-A59333D5D394}.Ad-Hoc|iPhone.ActiveCfg = Release|Any CPU
		{26BC62A2-EF3D-47A9-ABC6-A59333D5D394}.Ad-Hoc|iPhone.Build.0 = Release|Any CPU
		{26BC62A2-EF3D-47A9-ABC6-A59333D5D394}.Ad-Hoc|iPhone.Deploy.0 = Release|Any CPU
		{26BC62A2-EF3D-47A9-ABC6-A59333D5D394}.Ad-Hoc|iPhoneSimulator.ActiveCfg = Release|Any CPU
		{26BC62A2-EF3D-47A9-ABC6-A59333D5D394}.Ad-Hoc|iPhoneSimulator.Build.0 = Release|Any CPU
		{26BC62A2-EF3D-47A9-ABC6-A59333D5D394}.Ad-Hoc|iPhoneSimulator.Deploy.0 = Release|Any CPU
		{26BC62A2-EF3D-47A9-ABC6-A59333D5D394}.Ad-Hoc|Mixed Platforms.ActiveCfg = Release|Any CPU
		{26BC62A2-EF3D-47A9-ABC6-A59333D5D394}.Ad-Hoc|Mixed Platforms.Build.0 = Release|Any CPU
		{26BC62A2-EF3D-47A9-ABC6-A59333D5D394}.Ad-Hoc|Mixed Platforms.Deploy.0 = Release|Any CPU
		{26BC62A2-EF3D-47A9-ABC6-A59333D5D394}.Ad-Hoc|x64.ActiveCfg = Release|Any CPU
		{26BC62A2-EF3D-47A9-ABC6-A59333D5D394}.Ad-Hoc|x64.Build.0 = Release|Any CPU
		{26BC62A2-EF3D-47A9-ABC6-A59333D5D394}.Ad-Hoc|x64.Deploy.0 = Release|Any CPU
		{26BC62A2-EF3D-47A9-ABC6-A59333D5D394}.Ad-Hoc|x86.ActiveCfg = Release|Any CPU
		{26BC62A2-EF3D-47A9-ABC6-A59333D5D394}.Ad-Hoc|x86.Build.0 = Release|Any CPU
		{26BC62A2-EF3D-47A9-ABC6-A59333D5D394}.Ad-Hoc|x86.Deploy.0 = Release|Any CPU
		{26BC62A2-EF3D-47A9-ABC6-A59333D5D394}.AppStore|Any CPU.ActiveCfg = Release|Any CPU
		{26BC62A2-EF3D-47A9-ABC6-A59333D5D394}.AppStore|Any CPU.Build.0 = Release|Any CPU
		{26BC62A2-EF3D-47A9-ABC6-A59333D5D394}.AppStore|Any CPU.Deploy.0 = Release|Any CPU
		{26BC62A2-EF3D-47A9-ABC6-A59333D5D394}.AppStore|ARM.ActiveCfg = Release|Any CPU
		{26BC62A2-EF3D-47A9-ABC6-A59333D5D394}.AppStore|ARM.Build.0 = Release|Any CPU
		{26BC62A2-EF3D-47A9-ABC6-A59333D5D394}.AppStore|ARM.Deploy.0 = Release|Any CPU
		{26BC62A2-EF3D-47A9-ABC6-A59333D5D394}.AppStore|iPhone.ActiveCfg = Release|Any CPU
		{26BC62A2-EF3D-47A9-ABC6-A59333D5D394}.AppStore|iPhone.Build.0 = Release|Any CPU
		{26BC62A2-EF3D-47A9-ABC6-A59333D5D394}.AppStore|iPhone.Deploy.0 = Release|Any CPU
		{26BC62A2-EF3D-47A9-ABC6-A59333D5D394}.AppStore|iPhoneSimulator.ActiveCfg = Release|Any CPU
		{26BC62A2-EF3D-47A9-ABC6-A59333D5D394}.AppStore|iPhoneSimulator.Build.0 = Release|Any CPU
		{26BC62A2-EF3D-47A9-ABC6-A59333D5D394}.AppStore|iPhoneSimulator.Deploy.0 = Release|Any CPU
		{26BC62A2-EF3D-47A9-ABC6-A59333D5D394}.AppStore|Mixed Platforms.ActiveCfg = Release|Any CPU
		{26BC62A2-EF3D-47A9-ABC6-A59333D5D394}.AppStore|Mixed Platforms.Build.0 = Release|Any CPU
		{26BC62A2-EF3D-47A9-ABC6-A59333D5D394}.AppStore|Mixed Platforms.Deploy.0 = Release|Any CPU
		{26BC62A2-EF3D-47A9-ABC6-A59333D5D394}.AppStore|x64.ActiveCfg = Release|Any CPU
		{26BC62A2-EF3D-47A9-ABC6-A59333D5D394}.AppStore|x64.Build.0 = Release|Any CPU
		{26BC62A2-EF3D-47A9-ABC6-A59333D5D394}.AppStore|x64.Deploy.0 = Release|Any CPU
		{26BC62A2-EF3D-47A9-ABC6-A59333D5D394}.AppStore|x86.ActiveCfg = Release|Any CPU
		{26BC62A2-EF3D-47A9-ABC6-A59333D5D394}.AppStore|x86.Build.0 = Release|Any CPU
		{26BC62A2-EF3D-47A9-ABC6-A59333D5D394}.AppStore|x86.Deploy.0 = Release|Any CPU
		{26BC62A2-EF3D-47A9-ABC6-A59333D5D394}.Debug|Any CPU.ActiveCfg = Debug|Any CPU
		{26BC62A2-EF3D-47A9-ABC6-A59333D5D394}.Debug|Any CPU.Build.0 = Debug|Any CPU
		{26BC62A2-EF3D-47A9-ABC6-A59333D5D394}.Debug|Any CPU.Deploy.0 = Debug|Any CPU
		{26BC62A2-EF3D-47A9-ABC6-A59333D5D394}.Debug|ARM.ActiveCfg = Debug|Any CPU
		{26BC62A2-EF3D-47A9-ABC6-A59333D5D394}.Debug|ARM.Build.0 = Debug|Any CPU
		{26BC62A2-EF3D-47A9-ABC6-A59333D5D394}.Debug|ARM.Deploy.0 = Debug|Any CPU
		{26BC62A2-EF3D-47A9-ABC6-A59333D5D394}.Debug|iPhone.ActiveCfg = Debug|Any CPU
		{26BC62A2-EF3D-47A9-ABC6-A59333D5D394}.Debug|iPhone.Build.0 = Debug|Any CPU
		{26BC62A2-EF3D-47A9-ABC6-A59333D5D394}.Debug|iPhone.Deploy.0 = Debug|Any CPU
		{26BC62A2-EF3D-47A9-ABC6-A59333D5D394}.Debug|iPhoneSimulator.ActiveCfg = Debug|Any CPU
		{26BC62A2-EF3D-47A9-ABC6-A59333D5D394}.Debug|iPhoneSimulator.Build.0 = Debug|Any CPU
		{26BC62A2-EF3D-47A9-ABC6-A59333D5D394}.Debug|iPhoneSimulator.Deploy.0 = Debug|Any CPU
		{26BC62A2-EF3D-47A9-ABC6-A59333D5D394}.Debug|Mixed Platforms.ActiveCfg = Debug|Any CPU
		{26BC62A2-EF3D-47A9-ABC6-A59333D5D394}.Debug|Mixed Platforms.Build.0 = Debug|Any CPU
		{26BC62A2-EF3D-47A9-ABC6-A59333D5D394}.Debug|Mixed Platforms.Deploy.0 = Debug|Any CPU
		{26BC62A2-EF3D-47A9-ABC6-A59333D5D394}.Debug|x64.ActiveCfg = Debug|Any CPU
		{26BC62A2-EF3D-47A9-ABC6-A59333D5D394}.Debug|x64.Build.0 = Debug|Any CPU
		{26BC62A2-EF3D-47A9-ABC6-A59333D5D394}.Debug|x64.Deploy.0 = Debug|Any CPU
		{26BC62A2-EF3D-47A9-ABC6-A59333D5D394}.Debug|x86.ActiveCfg = Debug|Any CPU
		{26BC62A2-EF3D-47A9-ABC6-A59333D5D394}.Debug|x86.Build.0 = Debug|Any CPU
		{26BC62A2-EF3D-47A9-ABC6-A59333D5D394}.Debug|x86.Deploy.0 = Debug|Any CPU
		{26BC62A2-EF3D-47A9-ABC6-A59333D5D394}.Release|Any CPU.ActiveCfg = Release|Any CPU
		{26BC62A2-EF3D-47A9-ABC6-A59333D5D394}.Release|Any CPU.Build.0 = Release|Any CPU
		{26BC62A2-EF3D-47A9-ABC6-A59333D5D394}.Release|Any CPU.Deploy.0 = Release|Any CPU
		{26BC62A2-EF3D-47A9-ABC6-A59333D5D394}.Release|ARM.ActiveCfg = Release|Any CPU
		{26BC62A2-EF3D-47A9-ABC6-A59333D5D394}.Release|ARM.Build.0 = Release|Any CPU
		{26BC62A2-EF3D-47A9-ABC6-A59333D5D394}.Release|ARM.Deploy.0 = Release|Any CPU
		{26BC62A2-EF3D-47A9-ABC6-A59333D5D394}.Release|iPhone.ActiveCfg = Release|Any CPU
		{26BC62A2-EF3D-47A9-ABC6-A59333D5D394}.Release|iPhone.Build.0 = Release|Any CPU
		{26BC62A2-EF3D-47A9-ABC6-A59333D5D394}.Release|iPhone.Deploy.0 = Release|Any CPU
		{26BC62A2-EF3D-47A9-ABC6-A59333D5D394}.Release|iPhoneSimulator.ActiveCfg = Release|Any CPU
		{26BC62A2-EF3D-47A9-ABC6-A59333D5D394}.Release|iPhoneSimulator.Build.0 = Release|Any CPU
		{26BC62A2-EF3D-47A9-ABC6-A59333D5D394}.Release|iPhoneSimulator.Deploy.0 = Release|Any CPU
		{26BC62A2-EF3D-47A9-ABC6-A59333D5D394}.Release|Mixed Platforms.ActiveCfg = Release|Any CPU
		{26BC62A2-EF3D-47A9-ABC6-A59333D5D394}.Release|Mixed Platforms.Build.0 = Release|Any CPU
		{26BC62A2-EF3D-47A9-ABC6-A59333D5D394}.Release|Mixed Platforms.Deploy.0 = Release|Any CPU
		{26BC62A2-EF3D-47A9-ABC6-A59333D5D394}.Release|x64.ActiveCfg = Release|Any CPU
		{26BC62A2-EF3D-47A9-ABC6-A59333D5D394}.Release|x64.Build.0 = Release|Any CPU
		{26BC62A2-EF3D-47A9-ABC6-A59333D5D394}.Release|x64.Deploy.0 = Release|Any CPU
		{26BC62A2-EF3D-47A9-ABC6-A59333D5D394}.Release|x86.ActiveCfg = Release|Any CPU
		{26BC62A2-EF3D-47A9-ABC6-A59333D5D394}.Release|x86.Build.0 = Release|Any CPU
		{26BC62A2-EF3D-47A9-ABC6-A59333D5D394}.Release|x86.Deploy.0 = Release|Any CPU
		{2E282E5F-15D2-47DE-A701-2262018E11E3}.Ad-Hoc|Any CPU.ActiveCfg = Release|Any CPU
		{2E282E5F-15D2-47DE-A701-2262018E11E3}.Ad-Hoc|Any CPU.Build.0 = Release|Any CPU
		{2E282E5F-15D2-47DE-A701-2262018E11E3}.Ad-Hoc|Any CPU.Deploy.0 = Release|Any CPU
		{2E282E5F-15D2-47DE-A701-2262018E11E3}.Ad-Hoc|ARM.ActiveCfg = Release|ARM
		{2E282E5F-15D2-47DE-A701-2262018E11E3}.Ad-Hoc|ARM.Build.0 = Release|ARM
		{2E282E5F-15D2-47DE-A701-2262018E11E3}.Ad-Hoc|ARM.Deploy.0 = Release|ARM
		{2E282E5F-15D2-47DE-A701-2262018E11E3}.Ad-Hoc|iPhone.ActiveCfg = Release|Any CPU
		{2E282E5F-15D2-47DE-A701-2262018E11E3}.Ad-Hoc|iPhone.Build.0 = Release|Any CPU
		{2E282E5F-15D2-47DE-A701-2262018E11E3}.Ad-Hoc|iPhone.Deploy.0 = Release|Any CPU
		{2E282E5F-15D2-47DE-A701-2262018E11E3}.Ad-Hoc|iPhoneSimulator.ActiveCfg = Release|Any CPU
		{2E282E5F-15D2-47DE-A701-2262018E11E3}.Ad-Hoc|iPhoneSimulator.Build.0 = Release|Any CPU
		{2E282E5F-15D2-47DE-A701-2262018E11E3}.Ad-Hoc|iPhoneSimulator.Deploy.0 = Release|Any CPU
		{2E282E5F-15D2-47DE-A701-2262018E11E3}.Ad-Hoc|Mixed Platforms.ActiveCfg = Release|x86
		{2E282E5F-15D2-47DE-A701-2262018E11E3}.Ad-Hoc|Mixed Platforms.Build.0 = Release|x86
		{2E282E5F-15D2-47DE-A701-2262018E11E3}.Ad-Hoc|Mixed Platforms.Deploy.0 = Release|x86
		{2E282E5F-15D2-47DE-A701-2262018E11E3}.Ad-Hoc|x64.ActiveCfg = Release|Any CPU
		{2E282E5F-15D2-47DE-A701-2262018E11E3}.Ad-Hoc|x64.Build.0 = Release|Any CPU
		{2E282E5F-15D2-47DE-A701-2262018E11E3}.Ad-Hoc|x64.Deploy.0 = Release|Any CPU
		{2E282E5F-15D2-47DE-A701-2262018E11E3}.Ad-Hoc|x86.ActiveCfg = Release|x86
		{2E282E5F-15D2-47DE-A701-2262018E11E3}.Ad-Hoc|x86.Build.0 = Release|x86
		{2E282E5F-15D2-47DE-A701-2262018E11E3}.Ad-Hoc|x86.Deploy.0 = Release|x86
		{2E282E5F-15D2-47DE-A701-2262018E11E3}.AppStore|Any CPU.ActiveCfg = Release|Any CPU
		{2E282E5F-15D2-47DE-A701-2262018E11E3}.AppStore|Any CPU.Build.0 = Release|Any CPU
		{2E282E5F-15D2-47DE-A701-2262018E11E3}.AppStore|Any CPU.Deploy.0 = Release|Any CPU
		{2E282E5F-15D2-47DE-A701-2262018E11E3}.AppStore|ARM.ActiveCfg = Release|ARM
		{2E282E5F-15D2-47DE-A701-2262018E11E3}.AppStore|ARM.Build.0 = Release|ARM
		{2E282E5F-15D2-47DE-A701-2262018E11E3}.AppStore|ARM.Deploy.0 = Release|ARM
		{2E282E5F-15D2-47DE-A701-2262018E11E3}.AppStore|iPhone.ActiveCfg = Release|Any CPU
		{2E282E5F-15D2-47DE-A701-2262018E11E3}.AppStore|iPhone.Build.0 = Release|Any CPU
		{2E282E5F-15D2-47DE-A701-2262018E11E3}.AppStore|iPhone.Deploy.0 = Release|Any CPU
		{2E282E5F-15D2-47DE-A701-2262018E11E3}.AppStore|iPhoneSimulator.ActiveCfg = Release|Any CPU
		{2E282E5F-15D2-47DE-A701-2262018E11E3}.AppStore|iPhoneSimulator.Build.0 = Release|Any CPU
		{2E282E5F-15D2-47DE-A701-2262018E11E3}.AppStore|iPhoneSimulator.Deploy.0 = Release|Any CPU
		{2E282E5F-15D2-47DE-A701-2262018E11E3}.AppStore|Mixed Platforms.ActiveCfg = Release|x86
		{2E282E5F-15D2-47DE-A701-2262018E11E3}.AppStore|Mixed Platforms.Build.0 = Release|x86
		{2E282E5F-15D2-47DE-A701-2262018E11E3}.AppStore|Mixed Platforms.Deploy.0 = Release|x86
		{2E282E5F-15D2-47DE-A701-2262018E11E3}.AppStore|x64.ActiveCfg = Release|Any CPU
		{2E282E5F-15D2-47DE-A701-2262018E11E3}.AppStore|x64.Build.0 = Release|Any CPU
		{2E282E5F-15D2-47DE-A701-2262018E11E3}.AppStore|x64.Deploy.0 = Release|Any CPU
		{2E282E5F-15D2-47DE-A701-2262018E11E3}.AppStore|x86.ActiveCfg = Release|x86
		{2E282E5F-15D2-47DE-A701-2262018E11E3}.AppStore|x86.Build.0 = Release|x86
		{2E282E5F-15D2-47DE-A701-2262018E11E3}.AppStore|x86.Deploy.0 = Release|x86
		{2E282E5F-15D2-47DE-A701-2262018E11E3}.Debug|Any CPU.ActiveCfg = Debug|Any CPU
		{2E282E5F-15D2-47DE-A701-2262018E11E3}.Debug|Any CPU.Build.0 = Debug|Any CPU
		{2E282E5F-15D2-47DE-A701-2262018E11E3}.Debug|Any CPU.Deploy.0 = Debug|Any CPU
		{2E282E5F-15D2-47DE-A701-2262018E11E3}.Debug|ARM.ActiveCfg = Debug|ARM
		{2E282E5F-15D2-47DE-A701-2262018E11E3}.Debug|ARM.Build.0 = Debug|ARM
		{2E282E5F-15D2-47DE-A701-2262018E11E3}.Debug|ARM.Deploy.0 = Debug|ARM
		{2E282E5F-15D2-47DE-A701-2262018E11E3}.Debug|iPhone.ActiveCfg = Debug|Any CPU
		{2E282E5F-15D2-47DE-A701-2262018E11E3}.Debug|iPhone.Build.0 = Debug|Any CPU
		{2E282E5F-15D2-47DE-A701-2262018E11E3}.Debug|iPhone.Deploy.0 = Debug|Any CPU
		{2E282E5F-15D2-47DE-A701-2262018E11E3}.Debug|iPhoneSimulator.ActiveCfg = Debug|Any CPU
		{2E282E5F-15D2-47DE-A701-2262018E11E3}.Debug|iPhoneSimulator.Build.0 = Debug|Any CPU
		{2E282E5F-15D2-47DE-A701-2262018E11E3}.Debug|iPhoneSimulator.Deploy.0 = Debug|Any CPU
		{2E282E5F-15D2-47DE-A701-2262018E11E3}.Debug|Mixed Platforms.ActiveCfg = Debug|x86
		{2E282E5F-15D2-47DE-A701-2262018E11E3}.Debug|Mixed Platforms.Build.0 = Debug|x86
		{2E282E5F-15D2-47DE-A701-2262018E11E3}.Debug|Mixed Platforms.Deploy.0 = Debug|x86
		{2E282E5F-15D2-47DE-A701-2262018E11E3}.Debug|x64.ActiveCfg = Debug|Any CPU
		{2E282E5F-15D2-47DE-A701-2262018E11E3}.Debug|x64.Build.0 = Debug|Any CPU
		{2E282E5F-15D2-47DE-A701-2262018E11E3}.Debug|x64.Deploy.0 = Debug|Any CPU
		{2E282E5F-15D2-47DE-A701-2262018E11E3}.Debug|x86.ActiveCfg = Debug|x86
		{2E282E5F-15D2-47DE-A701-2262018E11E3}.Debug|x86.Build.0 = Debug|x86
		{2E282E5F-15D2-47DE-A701-2262018E11E3}.Debug|x86.Deploy.0 = Debug|x86
		{2E282E5F-15D2-47DE-A701-2262018E11E3}.Release|Any CPU.ActiveCfg = Release|Any CPU
		{2E282E5F-15D2-47DE-A701-2262018E11E3}.Release|Any CPU.Build.0 = Release|Any CPU
		{2E282E5F-15D2-47DE-A701-2262018E11E3}.Release|Any CPU.Deploy.0 = Release|Any CPU
		{2E282E5F-15D2-47DE-A701-2262018E11E3}.Release|ARM.ActiveCfg = Release|ARM
		{2E282E5F-15D2-47DE-A701-2262018E11E3}.Release|ARM.Build.0 = Release|ARM
		{2E282E5F-15D2-47DE-A701-2262018E11E3}.Release|ARM.Deploy.0 = Release|ARM
		{2E282E5F-15D2-47DE-A701-2262018E11E3}.Release|iPhone.ActiveCfg = Release|Any CPU
		{2E282E5F-15D2-47DE-A701-2262018E11E3}.Release|iPhone.Build.0 = Release|Any CPU
		{2E282E5F-15D2-47DE-A701-2262018E11E3}.Release|iPhone.Deploy.0 = Release|Any CPU
		{2E282E5F-15D2-47DE-A701-2262018E11E3}.Release|iPhoneSimulator.ActiveCfg = Release|Any CPU
		{2E282E5F-15D2-47DE-A701-2262018E11E3}.Release|iPhoneSimulator.Build.0 = Release|Any CPU
		{2E282E5F-15D2-47DE-A701-2262018E11E3}.Release|iPhoneSimulator.Deploy.0 = Release|Any CPU
		{2E282E5F-15D2-47DE-A701-2262018E11E3}.Release|Mixed Platforms.ActiveCfg = Release|x86
		{2E282E5F-15D2-47DE-A701-2262018E11E3}.Release|Mixed Platforms.Build.0 = Release|x86
		{2E282E5F-15D2-47DE-A701-2262018E11E3}.Release|Mixed Platforms.Deploy.0 = Release|x86
		{2E282E5F-15D2-47DE-A701-2262018E11E3}.Release|x64.ActiveCfg = Release|Any CPU
		{2E282E5F-15D2-47DE-A701-2262018E11E3}.Release|x64.Build.0 = Release|Any CPU
		{2E282E5F-15D2-47DE-A701-2262018E11E3}.Release|x64.Deploy.0 = Release|Any CPU
		{2E282E5F-15D2-47DE-A701-2262018E11E3}.Release|x86.ActiveCfg = Release|x86
		{2E282E5F-15D2-47DE-A701-2262018E11E3}.Release|x86.Build.0 = Release|x86
		{2E282E5F-15D2-47DE-A701-2262018E11E3}.Release|x86.Deploy.0 = Release|x86
		{DD07235C-B9C4-4149-BF02-1F0DD61E46B8}.Ad-Hoc|Any CPU.ActiveCfg = Release|Any CPU
		{DD07235C-B9C4-4149-BF02-1F0DD61E46B8}.Ad-Hoc|Any CPU.Build.0 = Release|Any CPU
		{DD07235C-B9C4-4149-BF02-1F0DD61E46B8}.Ad-Hoc|ARM.ActiveCfg = Release|Any CPU
		{DD07235C-B9C4-4149-BF02-1F0DD61E46B8}.Ad-Hoc|ARM.Build.0 = Release|Any CPU
		{DD07235C-B9C4-4149-BF02-1F0DD61E46B8}.Ad-Hoc|iPhone.ActiveCfg = Release|Any CPU
		{DD07235C-B9C4-4149-BF02-1F0DD61E46B8}.Ad-Hoc|iPhone.Build.0 = Release|Any CPU
		{DD07235C-B9C4-4149-BF02-1F0DD61E46B8}.Ad-Hoc|iPhoneSimulator.ActiveCfg = Release|Any CPU
		{DD07235C-B9C4-4149-BF02-1F0DD61E46B8}.Ad-Hoc|iPhoneSimulator.Build.0 = Release|Any CPU
		{DD07235C-B9C4-4149-BF02-1F0DD61E46B8}.Ad-Hoc|Mixed Platforms.ActiveCfg = Release|Any CPU
		{DD07235C-B9C4-4149-BF02-1F0DD61E46B8}.Ad-Hoc|Mixed Platforms.Build.0 = Release|Any CPU
		{DD07235C-B9C4-4149-BF02-1F0DD61E46B8}.Ad-Hoc|x64.ActiveCfg = Release|Any CPU
		{DD07235C-B9C4-4149-BF02-1F0DD61E46B8}.Ad-Hoc|x64.Build.0 = Release|Any CPU
		{DD07235C-B9C4-4149-BF02-1F0DD61E46B8}.Ad-Hoc|x86.ActiveCfg = Release|Any CPU
		{DD07235C-B9C4-4149-BF02-1F0DD61E46B8}.Ad-Hoc|x86.Build.0 = Release|Any CPU
		{DD07235C-B9C4-4149-BF02-1F0DD61E46B8}.AppStore|Any CPU.ActiveCfg = Release|Any CPU
		{DD07235C-B9C4-4149-BF02-1F0DD61E46B8}.AppStore|Any CPU.Build.0 = Release|Any CPU
		{DD07235C-B9C4-4149-BF02-1F0DD61E46B8}.AppStore|ARM.ActiveCfg = Release|Any CPU
		{DD07235C-B9C4-4149-BF02-1F0DD61E46B8}.AppStore|ARM.Build.0 = Release|Any CPU
		{DD07235C-B9C4-4149-BF02-1F0DD61E46B8}.AppStore|iPhone.ActiveCfg = Release|Any CPU
		{DD07235C-B9C4-4149-BF02-1F0DD61E46B8}.AppStore|iPhone.Build.0 = Release|Any CPU
		{DD07235C-B9C4-4149-BF02-1F0DD61E46B8}.AppStore|iPhoneSimulator.ActiveCfg = Release|Any CPU
		{DD07235C-B9C4-4149-BF02-1F0DD61E46B8}.AppStore|iPhoneSimulator.Build.0 = Release|Any CPU
		{DD07235C-B9C4-4149-BF02-1F0DD61E46B8}.AppStore|Mixed Platforms.ActiveCfg = Release|Any CPU
		{DD07235C-B9C4-4149-BF02-1F0DD61E46B8}.AppStore|Mixed Platforms.Build.0 = Release|Any CPU
		{DD07235C-B9C4-4149-BF02-1F0DD61E46B8}.AppStore|x64.ActiveCfg = Release|Any CPU
		{DD07235C-B9C4-4149-BF02-1F0DD61E46B8}.AppStore|x64.Build.0 = Release|Any CPU
		{DD07235C-B9C4-4149-BF02-1F0DD61E46B8}.AppStore|x86.ActiveCfg = Release|Any CPU
		{DD07235C-B9C4-4149-BF02-1F0DD61E46B8}.AppStore|x86.Build.0 = Release|Any CPU
		{DD07235C-B9C4-4149-BF02-1F0DD61E46B8}.Debug|Any CPU.ActiveCfg = Debug|Any CPU
		{DD07235C-B9C4-4149-BF02-1F0DD61E46B8}.Debug|Any CPU.Build.0 = Debug|Any CPU
		{DD07235C-B9C4-4149-BF02-1F0DD61E46B8}.Debug|ARM.ActiveCfg = Debug|Any CPU
		{DD07235C-B9C4-4149-BF02-1F0DD61E46B8}.Debug|ARM.Build.0 = Debug|Any CPU
		{DD07235C-B9C4-4149-BF02-1F0DD61E46B8}.Debug|iPhone.ActiveCfg = Debug|Any CPU
		{DD07235C-B9C4-4149-BF02-1F0DD61E46B8}.Debug|iPhone.Build.0 = Debug|Any CPU
		{DD07235C-B9C4-4149-BF02-1F0DD61E46B8}.Debug|iPhoneSimulator.ActiveCfg = Debug|Any CPU
		{DD07235C-B9C4-4149-BF02-1F0DD61E46B8}.Debug|iPhoneSimulator.Build.0 = Debug|Any CPU
		{DD07235C-B9C4-4149-BF02-1F0DD61E46B8}.Debug|Mixed Platforms.ActiveCfg = Debug|Any CPU
		{DD07235C-B9C4-4149-BF02-1F0DD61E46B8}.Debug|Mixed Platforms.Build.0 = Debug|Any CPU
		{DD07235C-B9C4-4149-BF02-1F0DD61E46B8}.Debug|x64.ActiveCfg = Debug|Any CPU
		{DD07235C-B9C4-4149-BF02-1F0DD61E46B8}.Debug|x64.Build.0 = Debug|Any CPU
		{DD07235C-B9C4-4149-BF02-1F0DD61E46B8}.Debug|x86.ActiveCfg = Debug|Any CPU
		{DD07235C-B9C4-4149-BF02-1F0DD61E46B8}.Debug|x86.Build.0 = Debug|Any CPU
		{DD07235C-B9C4-4149-BF02-1F0DD61E46B8}.Release|Any CPU.ActiveCfg = Release|Any CPU
		{DD07235C-B9C4-4149-BF02-1F0DD61E46B8}.Release|Any CPU.Build.0 = Release|Any CPU
		{DD07235C-B9C4-4149-BF02-1F0DD61E46B8}.Release|ARM.ActiveCfg = Release|Any CPU
		{DD07235C-B9C4-4149-BF02-1F0DD61E46B8}.Release|ARM.Build.0 = Release|Any CPU
		{DD07235C-B9C4-4149-BF02-1F0DD61E46B8}.Release|iPhone.ActiveCfg = Release|Any CPU
		{DD07235C-B9C4-4149-BF02-1F0DD61E46B8}.Release|iPhone.Build.0 = Release|Any CPU
		{DD07235C-B9C4-4149-BF02-1F0DD61E46B8}.Release|iPhoneSimulator.ActiveCfg = Release|Any CPU
		{DD07235C-B9C4-4149-BF02-1F0DD61E46B8}.Release|iPhoneSimulator.Build.0 = Release|Any CPU
		{DD07235C-B9C4-4149-BF02-1F0DD61E46B8}.Release|Mixed Platforms.ActiveCfg = Release|Any CPU
		{DD07235C-B9C4-4149-BF02-1F0DD61E46B8}.Release|Mixed Platforms.Build.0 = Release|Any CPU
		{DD07235C-B9C4-4149-BF02-1F0DD61E46B8}.Release|x64.ActiveCfg = Release|Any CPU
		{DD07235C-B9C4-4149-BF02-1F0DD61E46B8}.Release|x64.Build.0 = Release|Any CPU
		{DD07235C-B9C4-4149-BF02-1F0DD61E46B8}.Release|x86.ActiveCfg = Release|Any CPU
		{DD07235C-B9C4-4149-BF02-1F0DD61E46B8}.Release|x86.Build.0 = Release|Any CPU
		{43FA7074-13A5-428D-A401-2DC8DA6F1C12}.Ad-Hoc|Any CPU.ActiveCfg = Release|Any CPU
		{43FA7074-13A5-428D-A401-2DC8DA6F1C12}.Ad-Hoc|Any CPU.Build.0 = Release|Any CPU
		{43FA7074-13A5-428D-A401-2DC8DA6F1C12}.Ad-Hoc|ARM.ActiveCfg = Release|Any CPU
		{43FA7074-13A5-428D-A401-2DC8DA6F1C12}.Ad-Hoc|ARM.Build.0 = Release|Any CPU
		{43FA7074-13A5-428D-A401-2DC8DA6F1C12}.Ad-Hoc|iPhone.ActiveCfg = Release|Any CPU
		{43FA7074-13A5-428D-A401-2DC8DA6F1C12}.Ad-Hoc|iPhone.Build.0 = Release|Any CPU
		{43FA7074-13A5-428D-A401-2DC8DA6F1C12}.Ad-Hoc|iPhoneSimulator.ActiveCfg = Release|Any CPU
		{43FA7074-13A5-428D-A401-2DC8DA6F1C12}.Ad-Hoc|iPhoneSimulator.Build.0 = Release|Any CPU
		{43FA7074-13A5-428D-A401-2DC8DA6F1C12}.Ad-Hoc|Mixed Platforms.ActiveCfg = Release|Any CPU
		{43FA7074-13A5-428D-A401-2DC8DA6F1C12}.Ad-Hoc|Mixed Platforms.Build.0 = Release|Any CPU
		{43FA7074-13A5-428D-A401-2DC8DA6F1C12}.Ad-Hoc|x64.ActiveCfg = Release|Any CPU
		{43FA7074-13A5-428D-A401-2DC8DA6F1C12}.Ad-Hoc|x64.Build.0 = Release|Any CPU
		{43FA7074-13A5-428D-A401-2DC8DA6F1C12}.Ad-Hoc|x86.ActiveCfg = Release|Any CPU
		{43FA7074-13A5-428D-A401-2DC8DA6F1C12}.Ad-Hoc|x86.Build.0 = Release|Any CPU
		{43FA7074-13A5-428D-A401-2DC8DA6F1C12}.AppStore|Any CPU.ActiveCfg = Release|Any CPU
		{43FA7074-13A5-428D-A401-2DC8DA6F1C12}.AppStore|Any CPU.Build.0 = Release|Any CPU
		{43FA7074-13A5-428D-A401-2DC8DA6F1C12}.AppStore|ARM.ActiveCfg = Release|Any CPU
		{43FA7074-13A5-428D-A401-2DC8DA6F1C12}.AppStore|ARM.Build.0 = Release|Any CPU
		{43FA7074-13A5-428D-A401-2DC8DA6F1C12}.AppStore|iPhone.ActiveCfg = Release|Any CPU
		{43FA7074-13A5-428D-A401-2DC8DA6F1C12}.AppStore|iPhone.Build.0 = Release|Any CPU
		{43FA7074-13A5-428D-A401-2DC8DA6F1C12}.AppStore|iPhoneSimulator.ActiveCfg = Release|Any CPU
		{43FA7074-13A5-428D-A401-2DC8DA6F1C12}.AppStore|iPhoneSimulator.Build.0 = Release|Any CPU
		{43FA7074-13A5-428D-A401-2DC8DA6F1C12}.AppStore|Mixed Platforms.ActiveCfg = Release|Any CPU
		{43FA7074-13A5-428D-A401-2DC8DA6F1C12}.AppStore|Mixed Platforms.Build.0 = Release|Any CPU
		{43FA7074-13A5-428D-A401-2DC8DA6F1C12}.AppStore|x64.ActiveCfg = Release|Any CPU
		{43FA7074-13A5-428D-A401-2DC8DA6F1C12}.AppStore|x64.Build.0 = Release|Any CPU
		{43FA7074-13A5-428D-A401-2DC8DA6F1C12}.AppStore|x86.ActiveCfg = Release|Any CPU
		{43FA7074-13A5-428D-A401-2DC8DA6F1C12}.AppStore|x86.Build.0 = Release|Any CPU
		{43FA7074-13A5-428D-A401-2DC8DA6F1C12}.Debug|Any CPU.ActiveCfg = Debug|Any CPU
		{43FA7074-13A5-428D-A401-2DC8DA6F1C12}.Debug|Any CPU.Build.0 = Debug|Any CPU
		{43FA7074-13A5-428D-A401-2DC8DA6F1C12}.Debug|ARM.ActiveCfg = Debug|Any CPU
		{43FA7074-13A5-428D-A401-2DC8DA6F1C12}.Debug|ARM.Build.0 = Debug|Any CPU
		{43FA7074-13A5-428D-A401-2DC8DA6F1C12}.Debug|iPhone.ActiveCfg = Debug|Any CPU
		{43FA7074-13A5-428D-A401-2DC8DA6F1C12}.Debug|iPhone.Build.0 = Debug|Any CPU
		{43FA7074-13A5-428D-A401-2DC8DA6F1C12}.Debug|iPhoneSimulator.ActiveCfg = Debug|Any CPU
		{43FA7074-13A5-428D-A401-2DC8DA6F1C12}.Debug|iPhoneSimulator.Build.0 = Debug|Any CPU
		{43FA7074-13A5-428D-A401-2DC8DA6F1C12}.Debug|Mixed Platforms.ActiveCfg = Debug|Any CPU
		{43FA7074-13A5-428D-A401-2DC8DA6F1C12}.Debug|Mixed Platforms.Build.0 = Debug|Any CPU
		{43FA7074-13A5-428D-A401-2DC8DA6F1C12}.Debug|x64.ActiveCfg = Debug|Any CPU
		{43FA7074-13A5-428D-A401-2DC8DA6F1C12}.Debug|x64.Build.0 = Debug|Any CPU
		{43FA7074-13A5-428D-A401-2DC8DA6F1C12}.Debug|x86.ActiveCfg = Debug|Any CPU
		{43FA7074-13A5-428D-A401-2DC8DA6F1C12}.Debug|x86.Build.0 = Debug|Any CPU
		{43FA7074-13A5-428D-A401-2DC8DA6F1C12}.Release|Any CPU.ActiveCfg = Release|Any CPU
		{43FA7074-13A5-428D-A401-2DC8DA6F1C12}.Release|Any CPU.Build.0 = Release|Any CPU
		{43FA7074-13A5-428D-A401-2DC8DA6F1C12}.Release|ARM.ActiveCfg = Release|Any CPU
		{43FA7074-13A5-428D-A401-2DC8DA6F1C12}.Release|ARM.Build.0 = Release|Any CPU
		{43FA7074-13A5-428D-A401-2DC8DA6F1C12}.Release|iPhone.ActiveCfg = Release|Any CPU
		{43FA7074-13A5-428D-A401-2DC8DA6F1C12}.Release|iPhone.Build.0 = Release|Any CPU
		{43FA7074-13A5-428D-A401-2DC8DA6F1C12}.Release|iPhoneSimulator.ActiveCfg = Release|Any CPU
		{43FA7074-13A5-428D-A401-2DC8DA6F1C12}.Release|iPhoneSimulator.Build.0 = Release|Any CPU
		{43FA7074-13A5-428D-A401-2DC8DA6F1C12}.Release|Mixed Platforms.ActiveCfg = Release|Any CPU
		{43FA7074-13A5-428D-A401-2DC8DA6F1C12}.Release|Mixed Platforms.Build.0 = Release|Any CPU
		{43FA7074-13A5-428D-A401-2DC8DA6F1C12}.Release|x64.ActiveCfg = Release|Any CPU
		{43FA7074-13A5-428D-A401-2DC8DA6F1C12}.Release|x64.Build.0 = Release|Any CPU
		{43FA7074-13A5-428D-A401-2DC8DA6F1C12}.Release|x86.ActiveCfg = Release|Any CPU
		{43FA7074-13A5-428D-A401-2DC8DA6F1C12}.Release|x86.Build.0 = Release|Any CPU
		{E4960D7F-EC7B-4967-9ABB-144F99B9D780}.Ad-Hoc|Any CPU.ActiveCfg = Release|Any CPU
		{E4960D7F-EC7B-4967-9ABB-144F99B9D780}.Ad-Hoc|Any CPU.Build.0 = Release|Any CPU
		{E4960D7F-EC7B-4967-9ABB-144F99B9D780}.Ad-Hoc|ARM.ActiveCfg = Release|Any CPU
		{E4960D7F-EC7B-4967-9ABB-144F99B9D780}.Ad-Hoc|iPhone.ActiveCfg = Release|Any CPU
		{E4960D7F-EC7B-4967-9ABB-144F99B9D780}.Ad-Hoc|iPhoneSimulator.ActiveCfg = Release|Any CPU
		{E4960D7F-EC7B-4967-9ABB-144F99B9D780}.Ad-Hoc|Mixed Platforms.ActiveCfg = Release|Any CPU
		{E4960D7F-EC7B-4967-9ABB-144F99B9D780}.Ad-Hoc|Mixed Platforms.Build.0 = Release|Any CPU
		{E4960D7F-EC7B-4967-9ABB-144F99B9D780}.Ad-Hoc|x64.ActiveCfg = Release|Any CPU
		{E4960D7F-EC7B-4967-9ABB-144F99B9D780}.Ad-Hoc|x86.ActiveCfg = Release|Any CPU
		{E4960D7F-EC7B-4967-9ABB-144F99B9D780}.AppStore|Any CPU.ActiveCfg = Release|Any CPU
		{E4960D7F-EC7B-4967-9ABB-144F99B9D780}.AppStore|Any CPU.Build.0 = Release|Any CPU
		{E4960D7F-EC7B-4967-9ABB-144F99B9D780}.AppStore|ARM.ActiveCfg = Release|Any CPU
		{E4960D7F-EC7B-4967-9ABB-144F99B9D780}.AppStore|iPhone.ActiveCfg = Release|Any CPU
		{E4960D7F-EC7B-4967-9ABB-144F99B9D780}.AppStore|iPhoneSimulator.ActiveCfg = Release|Any CPU
		{E4960D7F-EC7B-4967-9ABB-144F99B9D780}.AppStore|Mixed Platforms.ActiveCfg = Release|Any CPU
		{E4960D7F-EC7B-4967-9ABB-144F99B9D780}.AppStore|Mixed Platforms.Build.0 = Release|Any CPU
		{E4960D7F-EC7B-4967-9ABB-144F99B9D780}.AppStore|x64.ActiveCfg = Release|Any CPU
		{E4960D7F-EC7B-4967-9ABB-144F99B9D780}.AppStore|x86.ActiveCfg = Release|Any CPU
		{E4960D7F-EC7B-4967-9ABB-144F99B9D780}.Debug|Any CPU.ActiveCfg = Debug|Any CPU
		{E4960D7F-EC7B-4967-9ABB-144F99B9D780}.Debug|Any CPU.Build.0 = Debug|Any CPU
		{E4960D7F-EC7B-4967-9ABB-144F99B9D780}.Debug|ARM.ActiveCfg = Debug|Any CPU
		{E4960D7F-EC7B-4967-9ABB-144F99B9D780}.Debug|iPhone.ActiveCfg = Debug|Any CPU
		{E4960D7F-EC7B-4967-9ABB-144F99B9D780}.Debug|iPhoneSimulator.ActiveCfg = Debug|Any CPU
		{E4960D7F-EC7B-4967-9ABB-144F99B9D780}.Debug|Mixed Platforms.ActiveCfg = Debug|Any CPU
		{E4960D7F-EC7B-4967-9ABB-144F99B9D780}.Debug|Mixed Platforms.Build.0 = Debug|Any CPU
		{E4960D7F-EC7B-4967-9ABB-144F99B9D780}.Debug|x64.ActiveCfg = Debug|Any CPU
		{E4960D7F-EC7B-4967-9ABB-144F99B9D780}.Debug|x86.ActiveCfg = Debug|Any CPU
		{E4960D7F-EC7B-4967-9ABB-144F99B9D780}.Release|Any CPU.ActiveCfg = Release|Any CPU
		{E4960D7F-EC7B-4967-9ABB-144F99B9D780}.Release|Any CPU.Build.0 = Release|Any CPU
		{E4960D7F-EC7B-4967-9ABB-144F99B9D780}.Release|ARM.ActiveCfg = Release|Any CPU
		{E4960D7F-EC7B-4967-9ABB-144F99B9D780}.Release|iPhone.ActiveCfg = Release|Any CPU
		{E4960D7F-EC7B-4967-9ABB-144F99B9D780}.Release|iPhoneSimulator.ActiveCfg = Release|Any CPU
		{E4960D7F-EC7B-4967-9ABB-144F99B9D780}.Release|Mixed Platforms.ActiveCfg = Release|Any CPU
		{E4960D7F-EC7B-4967-9ABB-144F99B9D780}.Release|Mixed Platforms.Build.0 = Release|Any CPU
		{E4960D7F-EC7B-4967-9ABB-144F99B9D780}.Release|x64.ActiveCfg = Release|Any CPU
		{E4960D7F-EC7B-4967-9ABB-144F99B9D780}.Release|x86.ActiveCfg = Release|Any CPU
	EndGlobalSection
	GlobalSection(SolutionProperties) = preSolution
		HideSolutionNode = FALSE
	EndGlobalSection
	GlobalSection(NestedProjects) = preSolution
		{DD07235C-B9C4-4149-BF02-1F0DD61E46B8} = {064ECEA4-041E-470B-B3F5-93881B355B40}
		{43FA7074-13A5-428D-A401-2DC8DA6F1C12} = {21D21FEA-F78B-44EE-BDF8-D478188419CE}
		{E4960D7F-EC7B-4967-9ABB-144F99B9D780} = {064ECEA4-041E-470B-B3F5-93881B355B40}
	EndGlobalSection
EndGlobal
